
Microsoft Visual Studio Solution File, Format Version 12.00
# Visual Studio Version 17
VisualStudioVersion = 17.6.33723.286
MinimumVisualStudioVersion = 10.0.40219.1
Project("{FAE04EC0-301F-11D3-BF4B-00C04F79EFBC}") = "ParallelizationLab2", "ParallelizationLab2\ParallelizationLab2.csproj", "{A47B6942-9B1E-4EC6-849C-5BDE0992C6FE}"
EndProject
Global
	GlobalSection(SolutionConfigurationPlatforms) = preSolution
		Debug|Any CPU = Debug|Any CPU
		Release|Any CPU = Release|Any CPU
	EndGlobalSection
	GlobalSection(ProjectConfigurationPlatforms) = postSolution
		{A47B6942-9B1E-4EC6-849C-5BDE0992C6FE}.Debug|Any CPU.ActiveCfg = Debug|Any CPU
		{A47B6942-9B1E-4EC6-849C-5BDE0992C6FE}.Debug|Any CPU.Build.0 = Debug|Any CPU
		{A47B6942-9B1E-4EC6-849C-5BDE0992C6FE}.Release|Any CPU.ActiveCfg = Release|Any CPU
		{A47B6942-9B1E-4EC6-849C-5BDE0992C6FE}.Release|Any CPU.Build.0 = Release|Any CPU
	EndGlobalSection
	GlobalSection(SolutionProperties) = preSolution
		HideSolutionNode = FALSE
	EndGlobalSection
	GlobalSection(ExtensibilityGlobals) = postSolution
		SolutionGuid = {3BE4EEE8-4D4F-4832-A4F9-394F11CD3BF6}
	EndGlobalSection
EndGlobal
